# THIS IS AN AUTOGENERATED FILE. DO NOT EDIT THIS FILE DIRECTLY.
# yarn lockfile v1


"@babel/runtime@^7.0.0", "@babel/runtime@^7.1.2", "@babel/runtime@^7.2.0":
  version "7.4.4"
  resolved "https://registry.yarnpkg.com/@babel/runtime/-/runtime-7.4.4.tgz#dc2e34982eb236803aa27a07fea6857af1b9171d"
  integrity sha512-w0+uT71b6Yi7i5SE0co4NioIpSYS6lLiXvCzWzGSKvpK5vdQtCbICHMj+gbAKAOtxiV6HsVh/MBdaF9EQ6faSg==
  dependencies:
    regenerator-runtime "^0.13.2"

"@material-ui/core@^3.9.3":
  version "3.9.3"
  resolved "https://registry.yarnpkg.com/@material-ui/core/-/core-3.9.3.tgz#d378c1f4beb18df9a534ca7258c2c33fb8e0e51f"
  integrity sha512-REIj62+zEvTgI/C//YL4fZxrCVIySygmpZglsu/Nl5jPqy3CDjZv1F9ubBYorHqmRgeVPh64EghMMWqk4egmfg==
  dependencies:
    "@babel/runtime" "^7.2.0"
    "@material-ui/system" "^3.0.0-alpha.0"
    "@material-ui/utils" "^3.0.0-alpha.2"
    "@types/jss" "^9.5.6"
    "@types/react-transition-group" "^2.0.8"
    brcast "^3.0.1"
    classnames "^2.2.5"
    csstype "^2.5.2"
    debounce "^1.1.0"
    deepmerge "^3.0.0"
    dom-helpers "^3.2.1"
    hoist-non-react-statics "^3.2.1"
    is-plain-object "^2.0.4"
    jss "^9.8.7"
    jss-camel-case "^6.0.0"
    jss-default-unit "^8.0.2"
    jss-global "^3.0.0"
    jss-nested "^6.0.1"
    jss-props-sort "^6.0.0"
    jss-vendor-prefixer "^7.0.0"
    normalize-scroll-left "^0.1.2"
    popper.js "^1.14.1"
    prop-types "^15.6.0"
    react-event-listener "^0.6.2"
    react-transition-group "^2.2.1"
    recompose "0.28.0 - 0.30.0"
    warning "^4.0.1"

"@material-ui/icons@^3.0.2":
  version "3.0.2"
  resolved "https://registry.yarnpkg.com/@material-ui/icons/-/icons-3.0.2.tgz#d67a6dd1ec8312d3a88ec97944a63daeef24fe10"
  integrity sha512-QY/3gJnObZQ3O/e6WjH+0ah2M3MOgLOzCy8HTUoUx9B6dDrS18vP7Ycw3qrDEKlB6q1KNxy6CZHm5FCauWGy2g==
  dependencies:
    "@babel/runtime" "^7.2.0"
    recompose "0.28.0 - 0.30.0"

"@material-ui/system@^3.0.0-alpha.0":
  version "3.0.0-alpha.2"
  resolved "https://registry.yarnpkg.com/@material-ui/system/-/system-3.0.0-alpha.2.tgz#096e80c8bb0f70aea435b9e38ea7749ee77b4e46"
  integrity sha512-odmxQ0peKpP7RQBQ8koly06YhsPzcoVib1vByVPBH4QhwqBXuYoqlCjt02846fYspAqkrWzjxnWUD311EBbxOA==
  dependencies:
    "@babel/runtime" "^7.2.0"
    deepmerge "^3.0.0"
    prop-types "^15.6.0"
    warning "^4.0.1"

"@material-ui/utils@^3.0.0-alpha.2":
  version "3.0.0-alpha.3"
  resolved "https://registry.yarnpkg.com/@material-ui/utils/-/utils-3.0.0-alpha.3.tgz#836c62ea46f5ffc6f0b5ea05ab814704a86908b1"
  integrity sha512-rwMdMZptX0DivkqBuC+Jdq7BYTXwqKai5G5ejPpuEDKpWzi1Oxp+LygGw329FrKpuKeiqpcymlqJTjmy+quWng==
  dependencies:
    "@babel/runtime" "^7.2.0"
    prop-types "^15.6.0"
    react-is "^16.6.3"

"@types/jss@^9.5.6":
  version "9.5.8"
  resolved "https://registry.yarnpkg.com/@types/jss/-/jss-9.5.8.tgz#258391f42211c042fc965508d505cbdc579baa5b"
  integrity sha512-bBbHvjhm42UKki+wZpR89j73ykSXg99/bhuKuYYePtpma3ZAnmeGnl0WxXiZhPGsIfzKwCUkpPC0jlrVMBfRxA==
  dependencies:
    csstype "^2.0.0"
    indefinite-observable "^1.0.1"

"@types/prop-types@*":
  version "15.7.1"
  resolved "https://registry.yarnpkg.com/@types/prop-types/-/prop-types-15.7.1.tgz#f1a11e7babb0c3cad68100be381d1e064c68f1f6"
  integrity sha512-CFzn9idOEpHrgdw8JsoTkaDDyRWk1jrzIV8djzcgpq0y9tG4B4lFT+Nxh52DVpDXV+n4+NPNv7M1Dj5uMp6XFg==

"@types/react-transition-group@^2.0.8":
  version "2.9.1"
  resolved "https://registry.yarnpkg.com/@types/react-transition-group/-/react-transition-group-2.9.1.tgz#66c9ca5d0b20bae72fe6b797e0d362b996d55e9f"
  integrity sha512-1usq4DRUVBFnxc9KGJAlJO9EpQrLZGDDEC8wDOn2+2ODSyudYo8FiIzPDRaX/hfQjHqGeeoNaNdA2bj0l35hZQ==
  dependencies:
    "@types/react" "*"

"@types/react@*":
  version "16.8.15"
  resolved "https://registry.yarnpkg.com/@types/react/-/react-16.8.15.tgz#a76515fed5aa3e996603056f54427fec5f2a5122"
  integrity sha512-dMhzw1rWK+wwJWvPp5Pk12ksSrm/z/C/+lOQbMZ7YfDQYnJ02bc0wtg4EJD9qrFhuxFrf/ywNgwTboucobJqQg==
  dependencies:
    "@types/prop-types" "*"
    csstype "^2.2.0"

asap@~2.0.3:
  version "2.0.6"
  resolved "https://registry.yarnpkg.com/asap/-/asap-2.0.6.tgz#e50347611d7e690943208bbdafebcbc2fb866d46"
  integrity sha1-5QNHYR1+aQlDIIu9r+vLwvuGbUY=

asynckit@^0.4.0:
  version "0.4.0"
  resolved "https://registry.yarnpkg.com/asynckit/-/asynckit-0.4.0.tgz#c79ed97f7f34cb8f2ba1bc9790bcc366474b4b79"
  integrity sha1-x57Zf380y48robyXkLzDZkdLS3k=

auth0-js@^9.10.2:
  version "9.10.2"
  resolved "https://registry.yarnpkg.com/auth0-js/-/auth0-js-9.10.2.tgz#5b374f48a61deaff4906d3f0c0cd46e9590fb5f3"
  integrity sha512-tvVcL14jTrPq7c535rVLDKHNPW7cW0LKGqeiJA8psa+OGZ0AXv49jLxE+vjxNN6y508JE2bi7p9bhdlJ2pKSRA==
  dependencies:
    base64-js "^1.2.0"
    idtoken-verifier "^1.2.0"
    js-cookie "^2.2.0"
    qs "^6.4.0"
    superagent "^3.8.2"
    url-join "^4.0.0"
    winchan "^0.2.1"

base64-js@^1.2.0:
  version "1.3.0"
  resolved "https://registry.yarnpkg.com/base64-js/-/base64-js-1.3.0.tgz#cab1e6118f051095e58b5281aea8c1cd22bfc0e3"
  integrity sha512-ccav/yGvoa80BQDljCxsmmQ3Xvx60/UpBIij5QN21W3wBi/hhIC9OoO+KLpu9IJTS9j4DRVJ3aDDF9cMSoa2lw==

brcast@^3.0.1:
  version "3.0.1"
  resolved "https://registry.yarnpkg.com/brcast/-/brcast-3.0.1.tgz#6256a8349b20de9eed44257a9b24d71493cd48dd"
  integrity sha512-eI3yqf9YEqyGl9PCNTR46MGvDylGtaHjalcz6Q3fAPnP/PhpKkkve52vFdfGpwp4VUvK6LUr4TQN+2stCrEwTg==

change-emitter@^0.1.2:
  version "0.1.6"
  resolved "https://registry.yarnpkg.com/change-emitter/-/change-emitter-0.1.6.tgz#e8b2fe3d7f1ab7d69a32199aff91ea6931409515"
  integrity sha1-6LL+PX8at9aaMhma/5HqaTFAlRU=

classnames@^2.2.5:
  version "2.2.6"
  resolved "https://registry.yarnpkg.com/classnames/-/classnames-2.2.6.tgz#43935bffdd291f326dad0a205309b38d00f650ce"
  integrity sha512-JR/iSQOSt+LQIWwrwEzJ9uk0xfN3mTVYMwt1Ir5mUcSN6pU+V4zQFFaJsclJbPuAUQH+yfWef6tm7l1quW3C8Q==

combined-stream@^1.0.6:
  version "1.0.7"
  resolved "https://registry.yarnpkg.com/combined-stream/-/combined-stream-1.0.7.tgz#2d1d24317afb8abe95d6d2c0b07b57813539d828"
  integrity sha512-brWl9y6vOB1xYPZcpZde3N9zDByXTosAeMDo4p1wzo6UMOX4vumB+TP1RZ76sfE6Md68Q0NJSrE/gbezd4Ul+w==
  dependencies:
    delayed-stream "~1.0.0"

component-emitter@^1.2.0:
  version "1.3.0"
  resolved "https://registry.yarnpkg.com/component-emitter/-/component-emitter-1.3.0.tgz#16e4070fba8ae29b679f2215853ee181ab2eabc0"
  integrity sha512-Rd3se6QB+sO1TwqZjscQrurpEPIfO0/yYnSin6Q/rD3mOutHvUrCAhJub3r90uNb+SESBuE0QYoB90YdfatsRg==

cookiejar@^2.1.0:
  version "2.1.2"
  resolved "https://registry.yarnpkg.com/cookiejar/-/cookiejar-2.1.2.tgz#dd8a235530752f988f9a0844f3fc589e3111125c"
  integrity sha512-Mw+adcfzPxcPeI+0WlvRrr/3lGVO0bD75SxX6811cxSh1Wbxx7xZBGK1eVtDf6si8rg2lhnUjsVLMFMfbRIuwA==

core-js@^1.0.0:
  version "1.2.7"
  resolved "https://registry.yarnpkg.com/core-js/-/core-js-1.2.7.tgz#652294c14651db28fa93bd2d5ff2983a4f08c636"
  integrity sha1-ZSKUwUZR2yj6k70tX/KYOk8IxjY=

core-util-is@~1.0.0:
  version "1.0.2"
  resolved "https://registry.yarnpkg.com/core-util-is/-/core-util-is-1.0.2.tgz#b5fd54220aa2bc5ab57aab7140c940754503c1a7"
  integrity sha1-tf1UIgqivFq1eqtxQMlAdUUDwac=

crypto-js@^3.1.9-1:
  version "3.1.9-1"
  resolved "https://registry.yarnpkg.com/crypto-js/-/crypto-js-3.1.9-1.tgz#fda19e761fc077e01ffbfdc6e9fdfc59e8806cd8"
  integrity sha1-/aGedh/Ad+Af+/3G6f38WeiAbNg=

css-vendor@^0.3.8:
  version "0.3.8"
  resolved "https://registry.yarnpkg.com/css-vendor/-/css-vendor-0.3.8.tgz#6421cfd3034ce664fe7673972fd0119fc28941fa"
  integrity sha1-ZCHP0wNM5mT+dnOXL9ARn8KJQfo=
  dependencies:
    is-in-browser "^1.0.2"

csstype@^2.0.0, csstype@^2.2.0, csstype@^2.5.2:
  version "2.6.4"
  resolved "https://registry.yarnpkg.com/csstype/-/csstype-2.6.4.tgz#d585a6062096e324e7187f80e04f92bd0f00e37f"
  integrity sha512-lAJUJP3M6HxFXbqtGRc0iZrdyeN+WzOWeY0q/VnFzI+kqVrYIzC7bWlKqCW7oCIdzoPkvfp82EVvrTlQ8zsWQg==

debounce@^1.1.0:
  version "1.2.0"
  resolved "https://registry.yarnpkg.com/debounce/-/debounce-1.2.0.tgz#44a540abc0ea9943018dc0eaa95cce87f65cd131"
  integrity sha512-mYtLl1xfZLi1m4RtQYlZgJUNQjl4ZxVnHzIR8nLLgi4q1YT8o/WM+MK/f8yfcc9s5Ir5zRaPZyZU6xs1Syoocg==

debug@^3.1.0:
  version "3.2.6"
  resolved "https://registry.yarnpkg.com/debug/-/debug-3.2.6.tgz#e83d17de16d8a7efb7717edbe5fb10135eee629b"
  integrity sha512-mel+jf7nrtEl5Pn1Qx46zARXKDpBbvzezse7p7LqINmdoIk8PYP5SySaxEmYv6TZ0JyEKA1hsCId6DIhgITtWQ==
  dependencies:
    ms "^2.1.1"

deepmerge@^3.0.0:
  version "3.2.0"
  resolved "https://registry.yarnpkg.com/deepmerge/-/deepmerge-3.2.0.tgz#58ef463a57c08d376547f8869fdc5bcee957f44e"
  integrity sha512-6+LuZGU7QCNUnAJyX8cIrlzoEgggTM6B7mm+znKOX4t5ltluT9KLjN6g61ECMS0LTsLW7yDpNoxhix5FZcrIow==

delayed-stream@~1.0.0:
  version "1.0.0"
  resolved "https://registry.yarnpkg.com/delayed-stream/-/delayed-stream-1.0.0.tgz#df3ae199acadfb7d440aaae0b29e2272b24ec619"
  integrity sha1-3zrhmayt+31ECqrgsp4icrJOxhk=

dom-helpers@^3.2.1, dom-helpers@^3.4.0:
  version "3.4.0"
  resolved "https://registry.yarnpkg.com/dom-helpers/-/dom-helpers-3.4.0.tgz#e9b369700f959f62ecde5a6babde4bccd9169af8"
  integrity sha512-LnuPJ+dwqKDIyotW1VzmOZ5TONUN7CwkCR5hrgawTUbkBGYdeoNLZo6nNfGkCrjtE1nXXaj7iMMpDa8/d9WoIA==
  dependencies:
    "@babel/runtime" "^7.1.2"

encoding@^0.1.11:
  version "0.1.12"
  resolved "https://registry.yarnpkg.com/encoding/-/encoding-0.1.12.tgz#538b66f3ee62cd1ab51ec323829d1f9480c74beb"
  integrity sha1-U4tm8+5izRq1HsMjgp0flIDHS+s=
  dependencies:
    iconv-lite "~0.4.13"

extend@^3.0.0:
  version "3.0.2"
  resolved "https://registry.yarnpkg.com/extend/-/extend-3.0.2.tgz#f8b1136b4071fbd8eb140aff858b1019ec2915fa"
  integrity sha512-fjquC59cD7CyW6urNXK0FBufkZcoiGG80wTuPujX590cB5Ttln20E2UB4S/WARVqhXffZl2LNgS+gQdPIIim/g==

fbjs@^0.8.1:
  version "0.8.17"
  resolved "https://registry.yarnpkg.com/fbjs/-/fbjs-0.8.17.tgz#c4d598ead6949112653d6588b01a5cdcd9f90fdd"
  integrity sha1-xNWY6taUkRJlPWWIsBpc3Nn5D90=
  dependencies:
    core-js "^1.0.0"
    isomorphic-fetch "^2.1.1"
    loose-envify "^1.0.0"
    object-assign "^4.1.0"
    promise "^7.1.1"
    setimmediate "^1.0.5"
    ua-parser-js "^0.7.18"

form-data@^2.3.1:
  version "2.3.3"
  resolved "https://registry.yarnpkg.com/form-data/-/form-data-2.3.3.tgz#dcce52c05f644f298c6a7ab936bd724ceffbf3a6"
  integrity sha512-1lLKB2Mu3aGP1Q/2eCOx0fNbRMe7XdwktwOruhfqqd0rIJWwN4Dh+E3hrPSlDCXnSR7UtZ1N38rVXm+6+MEhJQ==
  dependencies:
    asynckit "^0.4.0"
    combined-stream "^1.0.6"
    mime-types "^2.1.12"

formidable@^1.2.0:
  version "1.2.1"
  resolved "https://registry.yarnpkg.com/formidable/-/formidable-1.2.1.tgz#70fb7ca0290ee6ff961090415f4b3df3d2082659"
  integrity sha512-Fs9VRguL0gqGHkXS5GQiMCr1VhZBxz0JnJs4JmMp/2jL18Fmbzvv7vOFRU+U8TBkHEE/CX1qDXzJplVULgsLeg==

hoist-non-react-statics@^2.3.1:
  version "2.5.5"
  resolved "https://registry.yarnpkg.com/hoist-non-react-statics/-/hoist-non-react-statics-2.5.5.tgz#c5903cf409c0dfd908f388e619d86b9c1174cb47"
  integrity sha512-rqcy4pJo55FTTLWt+bU8ukscqHeE/e9KWvsOW2b/a3afxQZhwkQdT1rPPCJ0rYXdj4vNcasY8zHTH+jF/qStxw==

hoist-non-react-statics@^3.2.1:
  version "3.3.0"
  resolved "https://registry.yarnpkg.com/hoist-non-react-statics/-/hoist-non-react-statics-3.3.0.tgz#b09178f0122184fb95acf525daaecb4d8f45958b"
  integrity sha512-0XsbTXxgiaCDYDIWFcwkmerZPSwywfUqYmwT4jzewKTQSWoE6FCMoUVOeBJWK3E/CrWbxRG3m5GzY4lnIwGRBA==
  dependencies:
    react-is "^16.7.0"

hyphenate-style-name@^1.0.2:
  version "1.0.3"
  resolved "https://registry.yarnpkg.com/hyphenate-style-name/-/hyphenate-style-name-1.0.3.tgz#097bb7fa0b8f1a9cf0bd5c734cf95899981a9b48"
  integrity sha512-EcuixamT82oplpoJ2XU4pDtKGWQ7b00CD9f1ug9IaQ3p1bkHMiKCZ9ut9QDI6qsa6cpUuB+A/I+zLtdNK4n2DQ==

iconv-lite@~0.4.13:
  version "0.4.24"
  resolved "https://registry.yarnpkg.com/iconv-lite/-/iconv-lite-0.4.24.tgz#2022b4b25fbddc21d2f524974a474aafe733908b"
  integrity sha512-v3MXnZAcvnywkTUEZomIActle7RXXeedOR31wwl7VlyoXO4Qi9arvSenNQWne1TcRwhCL1HwLI21bEqdpj8/rA==
  dependencies:
    safer-buffer ">= 2.1.2 < 3"

idtoken-verifier@^1.2.0:
  version "1.2.0"
  resolved "https://registry.yarnpkg.com/idtoken-verifier/-/idtoken-verifier-1.2.0.tgz#4654f1f07ab7a803fc9b1b8b36057e2a87ad8b09"
  integrity sha512-8jmmFHwdPz8L73zGNAXHHOV9yXNC+Z0TUBN5rafpoaFaLFltlIFr1JkQa3FYAETP23eSsulVw0sBiwrE8jqbUg==
  dependencies:
    base64-js "^1.2.0"
    crypto-js "^3.1.9-1"
    jsbn "^0.1.0"
    superagent "^3.8.2"
    url-join "^1.1.0"

indefinite-observable@^1.0.1:
  version "1.0.2"
  resolved "https://registry.yarnpkg.com/indefinite-observable/-/indefinite-observable-1.0.2.tgz#0a328793ab2385d4b9dca23eaab4afe6936a73f8"
  integrity sha512-Mps0898zEduHyPhb7UCgNmfzlqNZknVmaFz5qzr0mm04YQ5FGLhAyK/dJ+NaRxGyR6juQXIxh5Ev0xx+qq0nYA==
  dependencies:
    symbol-observable "1.2.0"

inherits@~2.0.3:
  version "2.0.3"
  resolved "https://registry.yarnpkg.com/inherits/-/inherits-2.0.3.tgz#633c2c83e3da42a502f52466022480f4208261de"
  integrity sha1-Yzwsg+PaQqUC9SRmAiSA9CCCYd4=

is-in-browser@^1.0.2, is-in-browser@^1.1.3:
  version "1.1.3"
  resolved "https://registry.yarnpkg.com/is-in-browser/-/is-in-browser-1.1.3.tgz#56ff4db683a078c6082eb95dad7dc62e1d04f835"
  integrity sha1-Vv9NtoOgeMYILrldrX3GLh0E+DU=

is-plain-object@^2.0.4:
  version "2.0.4"
  resolved "https://registry.yarnpkg.com/is-plain-object/-/is-plain-object-2.0.4.tgz#2c163b3fafb1b606d9d17928f05c2a1c38e07677"
  integrity sha512-h5PpgXkWitc38BBMYawTYMWJHFZJVnBquFE57xFpjB8pJFiF6gZ+bU+WyI/yqXiFR5mdLsgYNaPe8uao6Uv9Og==
  dependencies:
    isobject "^3.0.1"

is-stream@^1.0.1:
  version "1.1.0"
  resolved "https://registry.yarnpkg.com/is-stream/-/is-stream-1.1.0.tgz#12d4a3dd4e68e0b79ceb8dbc84173ae80d91ca44"
  integrity sha1-EtSj3U5o4Lec6428hBc66A2RykQ=

isarray@~1.0.0:
  version "1.0.0"
  resolved "https://registry.yarnpkg.com/isarray/-/isarray-1.0.0.tgz#bb935d48582cba168c06834957a54a3e07124f11"
  integrity sha1-u5NdSFgsuhaMBoNJV6VKPgcSTxE=

isobject@^3.0.1:
  version "3.0.1"
  resolved "https://registry.yarnpkg.com/isobject/-/isobject-3.0.1.tgz#4e431e92b11a9731636aa1f9c8d1ccbcfdab78df"
  integrity sha1-TkMekrEalzFjaqH5yNHMvP2reN8=

isomorphic-fetch@^2.1.1:
  version "2.2.1"
  resolved "https://registry.yarnpkg.com/isomorphic-fetch/-/isomorphic-fetch-2.2.1.tgz#611ae1acf14f5e81f729507472819fe9733558a9"
  integrity sha1-YRrhrPFPXoH3KVB0coGf6XM1WKk=
  dependencies:
    node-fetch "^1.0.1"
    whatwg-fetch ">=0.10.0"

js-cookie@^2.2.0:
  version "2.2.0"
  resolved "https://registry.yarnpkg.com/js-cookie/-/js-cookie-2.2.0.tgz#1b2c279a6eece380a12168b92485265b35b1effb"
  integrity sha1-Gywnmm7s44ChIWi5JIUmWzWx7/s=

"js-tokens@^3.0.0 || ^4.0.0":
  version "4.0.0"
  resolved "https://registry.yarnpkg.com/js-tokens/-/js-tokens-4.0.0.tgz#19203fb59991df98e3a287050d4647cdeaf32499"
  integrity sha512-RdJUflcE3cUzKiMqQgsCu06FPu9UdIJO0beYbPhHN4k6apgJtifcoCtT9bcxOpYBtpD2kCM6Sbzg4CausW/PKQ==

jsbn@^0.1.0:
  version "0.1.1"
  resolved "https://registry.yarnpkg.com/jsbn/-/jsbn-0.1.1.tgz#a5e654c2e5a2deb5f201d96cefbca80c0ef2f513"
  integrity sha1-peZUwuWi3rXyAdls77yoDA7y9RM=

jss-camel-case@^6.0.0:
  version "6.1.0"
  resolved "https://registry.yarnpkg.com/jss-camel-case/-/jss-camel-case-6.1.0.tgz#ccb1ff8d6c701c02a1fed6fb6fb6b7896e11ce44"
  integrity sha512-HPF2Q7wmNW1t79mCqSeU2vdd/vFFGpkazwvfHMOhPlMgXrJDzdj9viA2SaHk9ZbD5pfL63a8ylp4++irYbbzMQ==
  dependencies:
    hyphenate-style-name "^1.0.2"

jss-default-unit@^8.0.2:
  version "8.0.2"
  resolved "https://registry.yarnpkg.com/jss-default-unit/-/jss-default-unit-8.0.2.tgz#cc1e889bae4c0b9419327b314ab1c8e2826890e6"
  integrity sha512-WxNHrF/18CdoAGw2H0FqOEvJdREXVXLazn7PQYU7V6/BWkCV0GkmWsppNiExdw8dP4TU1ma1dT9zBNJ95feLmg==

jss-global@^3.0.0:
  version "3.0.0"
  resolved "https://registry.yarnpkg.com/jss-global/-/jss-global-3.0.0.tgz#e19e5c91ab2b96353c227e30aa2cbd938cdaafa2"
  integrity sha512-wxYn7vL+TImyQYGAfdplg7yaxnPQ9RaXY/cIA8hawaVnmmWxDHzBK32u1y+RAvWboa3lW83ya3nVZ/C+jyjZ5Q==

jss-nested@^6.0.1:
  version "6.0.1"
  resolved "https://registry.yarnpkg.com/jss-nested/-/jss-nested-6.0.1.tgz#ef992b79d6e8f63d939c4397b9d99b5cbbe824ca"
  integrity sha512-rn964TralHOZxoyEgeq3hXY8hyuCElnvQoVrQwKHVmu55VRDd6IqExAx9be5HgK0yN/+hQdgAXQl/GUrBbbSTA==
  dependencies:
    warning "^3.0.0"

jss-props-sort@^6.0.0:
  version "6.0.0"
  resolved "https://registry.yarnpkg.com/jss-props-sort/-/jss-props-sort-6.0.0.tgz#9105101a3b5071fab61e2d85ea74cc22e9b16323"
  integrity sha512-E89UDcrphmI0LzmvYk25Hp4aE5ZBsXqMWlkFXS0EtPkunJkRr+WXdCNYbXbksIPnKlBenGB9OxzQY+mVc70S+g==

jss-vendor-prefixer@^7.0.0:
  version "7.0.0"
  resolved "https://registry.yarnpkg.com/jss-vendor-prefixer/-/jss-vendor-prefixer-7.0.0.tgz#0166729650015ef19d9f02437c73667231605c71"
  integrity sha512-Agd+FKmvsI0HLcYXkvy8GYOw3AAASBUpsmIRvVQheps+JWaN892uFOInTr0DRydwaD91vSSUCU4NssschvF7MA==
  dependencies:
    css-vendor "^0.3.8"

jss@^9.8.7:
  version "9.8.7"
  resolved "https://registry.yarnpkg.com/jss/-/jss-9.8.7.tgz#ed9763fc0f2f0260fc8260dac657af61e622ce05"
  integrity sha512-awj3XRZYxbrmmrx9LUSj5pXSUfm12m8xzi/VKeqI1ZwWBtQ0kVPTs3vYs32t4rFw83CgFDukA8wKzOE9sMQnoQ==
  dependencies:
    is-in-browser "^1.1.3"
    symbol-observable "^1.1.0"
    warning "^3.0.0"

loose-envify@^1.0.0, loose-envify@^1.4.0:
  version "1.4.0"
  resolved "https://registry.yarnpkg.com/loose-envify/-/loose-envify-1.4.0.tgz#71ee51fa7be4caec1a63839f7e682d8132d30caf"
  integrity sha512-lyuxPGr/Wfhrlem2CL/UcnUc1zcqKAImBDzukY7Y5F/yQiNdko6+fRLevlw1HgMySw7f611UIY408EtxRSoK3Q==
  dependencies:
    js-tokens "^3.0.0 || ^4.0.0"

methods@^1.1.1:
  version "1.1.2"
  resolved "https://registry.yarnpkg.com/methods/-/methods-1.1.2.tgz#5529a4d67654134edcc5266656835b0f851afcee"
  integrity sha1-VSmk1nZUE07cxSZmVoNbD4Ua/O4=

mime-db@1.40.0:
  version "1.40.0"
  resolved "https://registry.yarnpkg.com/mime-db/-/mime-db-1.40.0.tgz#a65057e998db090f732a68f6c276d387d4126c32"
  integrity sha512-jYdeOMPy9vnxEqFRRo6ZvTZ8d9oPb+k18PKoYNYUe2stVEBPPwsln/qWzdbmaIvnhZ9v2P+CuecK+fpUfsV2mA==

mime-types@^2.1.12:
  version "2.1.24"
  resolved "https://registry.yarnpkg.com/mime-types/-/mime-types-2.1.24.tgz#b6f8d0b3e951efb77dedeca194cff6d16f676f81"
  integrity sha512-WaFHS3MCl5fapm3oLxU4eYDw77IQM2ACcxQ9RIxfaC3ooc6PFuBMGZZsYpvoXS5D5QTWPieo1jjLdAm3TBP3cQ==
  dependencies:
    mime-db "1.40.0"

mime@^1.4.1:
  version "1.6.0"
  resolved "https://registry.yarnpkg.com/mime/-/mime-1.6.0.tgz#32cd9e5c64553bd58d19a568af452acff04981b1"
  integrity sha512-x0Vn8spI+wuJ1O6S7gnbaQg8Pxh4NNHb7KSINmEWKiPE4RKOplvijn+NkmYmmRgP68mc70j2EbeTFRsrswaQeg==

ms@^2.1.1:
  version "2.1.1"
  resolved "https://registry.yarnpkg.com/ms/-/ms-2.1.1.tgz#30a5864eb3ebb0a66f2ebe6d727af06a09d86e0a"
  integrity sha512-tgp+dl5cGk28utYktBsrFqA7HKgrhgPsg6Z/EfhWI4gl1Hwq8B/GmY/0oXZ6nF8hDVesS/FpnYaD/kOWhYQvyg==

node-fetch@^1.0.1:
  version "1.7.3"
  resolved "https://registry.yarnpkg.com/node-fetch/-/node-fetch-1.7.3.tgz#980f6f72d85211a5347c6b2bc18c5b84c3eb47ef"
  integrity sha512-NhZ4CsKx7cYm2vSrBAr2PvFOe6sWDf0UYLRqA6svUYg7+/TSfVAu49jYC4BvQ4Sms9SZgdqGBgroqfDhJdTyKQ==
  dependencies:
    encoding "^0.1.11"
    is-stream "^1.0.1"

normalize-scroll-left@^0.1.2:
  version "0.1.2"
  resolved "https://registry.yarnpkg.com/normalize-scroll-left/-/normalize-scroll-left-0.1.2.tgz#6b79691ba79eb5fb107fa5edfbdc06b55caee2aa"
  integrity sha512-F9YMRls0zCF6BFIE2YnXDRpHPpfd91nOIaNdDgrx5YMoPLo8Wqj+6jNXHQsYBavJeXP4ww8HCt0xQAKc5qk2Fg==

object-assign@^4.1.0, object-assign@^4.1.1:
  version "4.1.1"
  resolved "https://registry.yarnpkg.com/object-assign/-/object-assign-4.1.1.tgz#2109adc7965887cfc05cbbd442cac8bfbb360863"
  integrity sha1-IQmtx5ZYh8/AXLvUQsrIv7s2CGM=

popper.js@^1.14.1:
  version "1.15.0"
  resolved "https://registry.yarnpkg.com/popper.js/-/popper.js-1.15.0.tgz#5560b99bbad7647e9faa475c6b8056621f5a4ff2"
  integrity sha512-w010cY1oCUmI+9KwwlWki+r5jxKfTFDVoadl7MSrIujHU5MJ5OR6HTDj6Xo8aoR/QsA56x8jKjA59qGH4ELtrA==

process-nextick-args@~2.0.0:
  version "2.0.0"
  resolved "https://registry.yarnpkg.com/process-nextick-args/-/process-nextick-args-2.0.0.tgz#a37d732f4271b4ab1ad070d35508e8290788ffaa"
  integrity sha512-MtEC1TqN0EU5nephaJ4rAtThHtC86dNN9qCuEhtshvpVBkAW5ZO7BASN9REnF9eoXGcRub+pFuKEpOHE+HbEMw==

promise@^7.1.1:
  version "7.3.1"
  resolved "https://registry.yarnpkg.com/promise/-/promise-7.3.1.tgz#064b72602b18f90f29192b8b1bc418ffd1ebd3bf"
  integrity sha512-nolQXZ/4L+bP/UGlkfaIujX9BKxGwmQ9OT4mOt5yvy8iK1h3wqTEJCijzGANTCCl9nWjY41juyAn2K3Q1hLLTg==
  dependencies:
    asap "~2.0.3"

prop-types@^15.6.0, prop-types@^15.6.2:
  version "15.7.2"
  resolved "https://registry.yarnpkg.com/prop-types/-/prop-types-15.7.2.tgz#52c41e75b8c87e72b9d9360e0206b99dcbffa6c5"
  integrity sha512-8QQikdH7//R2vurIJSutZ1smHYTcLpRWEOlHnzcWHmBYrOGUysKwSsrC89BCiFj3CbrfJ/nXFdJepOVrY1GCHQ==
  dependencies:
    loose-envify "^1.4.0"
    object-assign "^4.1.1"
    react-is "^16.8.1"

qs@^6.4.0, qs@^6.5.1:
  version "6.7.0"
  resolved "https://registry.yarnpkg.com/qs/-/qs-6.7.0.tgz#41dc1a015e3d581f1621776be31afb2876a9b1bc"
  integrity sha512-VCdBRNFTX1fyE7Nb6FYoURo/SPe62QCaAyzJvUjwRaIsc+NePBEniHlvxFmmX56+HZphIGtV0XeCirBtpDrTyQ==

react-event-listener@^0.6.2:
  version "0.6.6"
  resolved "https://registry.yarnpkg.com/react-event-listener/-/react-event-listener-0.6.6.tgz#758f7b991cad9086dd39fd29fad72127e1d8962a"
  integrity sha512-+hCNqfy7o9wvO6UgjqFmBzARJS7qrNoda0VqzvOuioEpoEXKutiKuv92dSz6kP7rYLmyHPyYNLesi5t/aH1gfw==
  dependencies:
    "@babel/runtime" "^7.2.0"
    prop-types "^15.6.0"
    warning "^4.0.1"

react-is@^16.6.3, react-is@^16.7.0, react-is@^16.8.1:
  version "16.8.6"
  resolved "https://registry.yarnpkg.com/react-is/-/react-is-16.8.6.tgz#5bbc1e2d29141c9fbdfed456343fe2bc430a6a16"
  integrity sha512-aUk3bHfZ2bRSVFFbbeVS4i+lNPZr3/WM5jT2J5omUVV1zzcs1nAaf3l51ctA5FFvCRbhrH0bdAsRRQddFJZPtA==

react-lifecycles-compat@^3.0.2, react-lifecycles-compat@^3.0.4:
  version "3.0.4"
  resolved "https://registry.yarnpkg.com/react-lifecycles-compat/-/react-lifecycles-compat-3.0.4.tgz#4f1a273afdfc8f3488a8c516bfda78f872352362"
  integrity sha512-fBASbA6LnOU9dOU2eW7aQ8xmYBSXUIWr+UmF9b1efZBazGNO+rcXT/icdKnYm2pTwcRylVUYwW7H1PHfLekVzA==

react-transition-group@^2.2.1:
  version "2.9.0"
  resolved "https://registry.yarnpkg.com/react-transition-group/-/react-transition-group-2.9.0.tgz#df9cdb025796211151a436c69a8f3b97b5b07c8d"
  integrity sha512-+HzNTCHpeQyl4MJ/bdE0u6XRMe9+XG/+aL4mCxVN4DnPBQ0/5bfHWPDuOZUzYdMj94daZaZdCCc1Dzt9R/xSSg==
  dependencies:
    dom-helpers "^3.4.0"
    loose-envify "^1.4.0"
    prop-types "^15.6.2"
    react-lifecycles-compat "^3.0.4"

readable-stream@^2.3.5:
  version "2.3.6"
  resolved "https://registry.yarnpkg.com/readable-stream/-/readable-stream-2.3.6.tgz#b11c27d88b8ff1fbe070643cf94b0c79ae1b0aaf"
  integrity sha512-tQtKA9WIAhBF3+VLAseyMqZeBjW0AHJoxOtYqSUZNJxauErmLbVm2FW1y+J/YA9dUrAC39ITejlZWhVIwawkKw==
  dependencies:
    core-util-is "~1.0.0"
    inherits "~2.0.3"
    isarray "~1.0.0"
    process-nextick-args "~2.0.0"
    safe-buffer "~5.1.1"
    string_decoder "~1.1.1"
    util-deprecate "~1.0.1"

"recompose@0.28.0 - 0.30.0":
  version "0.30.0"
  resolved "https://registry.yarnpkg.com/recompose/-/recompose-0.30.0.tgz#82773641b3927e8c7d24a0d87d65aeeba18aabd0"
  integrity sha512-ZTrzzUDa9AqUIhRk4KmVFihH0rapdCSMFXjhHbNrjAWxBuUD/guYlyysMnuHjlZC/KRiOKRtB4jf96yYSkKE8w==
  dependencies:
    "@babel/runtime" "^7.0.0"
    change-emitter "^0.1.2"
    fbjs "^0.8.1"
    hoist-non-react-statics "^2.3.1"
    react-lifecycles-compat "^3.0.2"
    symbol-observable "^1.0.4"

regenerator-runtime@^0.13.2:
  version "0.13.2"
  resolved "https://registry.yarnpkg.com/regenerator-runtime/-/regenerator-runtime-0.13.2.tgz#32e59c9a6fb9b1a4aff09b4930ca2d4477343447"
  integrity sha512-S/TQAZJO+D3m9xeN1WTI8dLKBBiRgXBlTJvbWjCThHWZj9EvHK70Ff50/tYj2J/fvBY6JtFVwRuazHN2E7M9BA==

safe-buffer@~5.1.0, safe-buffer@~5.1.1:
  version "5.1.2"
  resolved "https://registry.yarnpkg.com/safe-buffer/-/safe-buffer-5.1.2.tgz#991ec69d296e0313747d59bdfd2b745c35f8828d"
  integrity sha512-Gd2UZBJDkXlY7GbJxfsE8/nvKkUEU1G38c1siN6QP6a9PT9MmHB8GnpscSmMJSoF8LOIrt8ud/wPtojys4G6+g==

"safer-buffer@>= 2.1.2 < 3":
  version "2.1.2"
  resolved "https://registry.yarnpkg.com/safer-buffer/-/safer-buffer-2.1.2.tgz#44fa161b0187b9549dd84bb91802f9bd8385cd6a"
  integrity sha512-YZo3K82SD7Riyi0E1EQPojLz7kpepnSQI9IyPbHHg1XXXevb5dJI7tpyN2ADxGcQbHG7vcyRHk0cbwqcQriUtg==

setimmediate@^1.0.5:
  version "1.0.5"
  resolved "https://registry.yarnpkg.com/setimmediate/-/setimmediate-1.0.5.tgz#290cbb232e306942d7d7ea9b83732ab7856f8285"
  integrity sha1-KQy7Iy4waULX1+qbg3Mqt4VvgoU=

string_decoder@~1.1.1:
  version "1.1.1"
  resolved "https://registry.yarnpkg.com/string_decoder/-/string_decoder-1.1.1.tgz#9cf1611ba62685d7030ae9e4ba34149c3af03fc8"
  integrity sha512-n/ShnvDi6FHbbVfviro+WojiFzv+s8MPMHBczVePfUpDJLwoLT0ht1l4YwBCbi8pJAveEEdnkHyPyTP/mzRfwg==
  dependencies:
    safe-buffer "~5.1.0"

superagent@^3.8.2:
  version "3.8.3"
  resolved "https://registry.yarnpkg.com/superagent/-/superagent-3.8.3.tgz#460ea0dbdb7d5b11bc4f78deba565f86a178e128"
  integrity sha512-GLQtLMCoEIK4eDv6OGtkOoSMt3D+oq0y3dsxMuYuDvaNUvuT8eFBuLmfR0iYYzHC1e8hpzC6ZsxbuP6DIalMFA==
  dependencies:
    component-emitter "^1.2.0"
    cookiejar "^2.1.0"
    debug "^3.1.0"
    extend "^3.0.0"
    form-data "^2.3.1"
    formidable "^1.2.0"
    methods "^1.1.1"
    mime "^1.4.1"
    qs "^6.5.1"
    readable-stream "^2.3.5"

symbol-observable@1.2.0, symbol-observable@^1.0.4, symbol-observable@^1.1.0:
  version "1.2.0"
  resolved "https://registry.yarnpkg.com/symbol-observable/-/symbol-observable-1.2.0.tgz#c22688aed4eab3cdc2dfeacbb561660560a00804"
  integrity sha512-e900nM8RRtGhlV36KGEU9k65K3mPb1WV70OdjfxlG2EAuM1noi/E/BaW/uMhL7bPEssK8QV57vN3esixjUvcXQ==

ua-parser-js@^0.7.18:
  version "0.7.19"
  resolved "https://registry.yarnpkg.com/ua-parser-js/-/ua-parser-js-0.7.19.tgz#94151be4c0a7fb1d001af7022fdaca4642659e4b"
  integrity sha512-T3PVJ6uz8i0HzPxOF9SWzWAlfN/DavlpQqepn22xgve/5QecC+XMCAtmUNnY7C9StehaV6exjUCI801lOI7QlQ==

url-join@^1.1.0:
  version "1.1.0"
  resolved "https://registry.yarnpkg.com/url-join/-/url-join-1.1.0.tgz#741c6c2f4596c4830d6718460920d0c92202dc78"
  integrity sha1-dBxsL0WWxIMNZxhGCSDQySIC3Hg=

url-join@^4.0.0:
  version "4.0.0"
  resolved "https://registry.yarnpkg.com/url-join/-/url-join-4.0.0.tgz#4d3340e807d3773bda9991f8305acdcc2a665d2a"
  integrity sha1-TTNA6AfTdzvamZH4MFrNzCpmXSo=

util-deprecate@~1.0.1:
  version "1.0.2"
  resolved "https://registry.yarnpkg.com/util-deprecate/-/util-deprecate-1.0.2.tgz#450d4dc9fa70de732762fbd2d4a28981419a0ccf"
  integrity sha1-RQ1Nyfpw3nMnYvvS1KKJgUGaDM8=

warning@^3.0.0:
  version "3.0.0"
  resolved "https://registry.yarnpkg.com/warning/-/warning-3.0.0.tgz#32e5377cb572de4ab04753bdf8821c01ed605b7c"
  integrity sha1-MuU3fLVy3kqwR1O9+IIcAe1gW3w=
  dependencies:
    loose-envify "^1.0.0"

warning@^4.0.1:
  version "4.0.3"
  resolved "https://registry.yarnpkg.com/warning/-/warning-4.0.3.tgz#16e9e077eb8a86d6af7d64aa1e05fd85b4678ca3"
  integrity sha512-rpJyN222KWIvHJ/F53XSZv0Zl/accqHR8et1kpaMTD/fLCRxtV8iX8czMzY7sVZupTI3zcUTg8eycS2kNF9l6w==
  dependencies:
    loose-envify "^1.0.0"

whatwg-fetch@>=0.10.0:
  version "3.0.0"
  resolved "https://registry.yarnpkg.com/whatwg-fetch/-/whatwg-fetch-3.0.0.tgz#fc804e458cc460009b1a2b966bc8817d2578aefb"
  integrity sha512-9GSJUgz1D4MfyKU7KRqwOjXCXTqWdFNvEr7eUBYchQiVc744mqK/MzXPNR2WsPkmkOa4ywfg8C2n8h+13Bey1Q==

winchan@^0.2.1:
  version "0.2.1"
  resolved "https://registry.yarnpkg.com/winchan/-/winchan-0.2.1.tgz#19b334e49f7c07c0849f921f405fad87dfc8a1da"
  integrity sha512-QrG9q+ObfmZBxScv0HSCqFm/owcgyR5Sgpiy1NlCZPpFXhbsmNHhTiLWoogItdBUi0fnU7Io/5ABEqRta5/6Dw==
